// !$*UTF8*$!
{
	archiveVersion = 1;
	classes = {
	};
	objectVersion = 46;
	objects = {

/* Begin PBXBuildFile section */
		F22121D71C72B14C0025CCF1 /* ShapeButtons.swift in Sources */ = {isa = PBXBuildFile; fileRef = F22121D41C72B14C0025CCF1 /* ShapeButtons.swift */; };
		F22121DD1C72B1EA0025CCF1 /* Utils.swift in Sources */ = {isa = PBXBuildFile; fileRef = F22121DC1C72B1EA0025CCF1 /* Utils.swift */; };
		F22121E21C72B1F40025CCF1 /* GameView.swift in Sources */ = {isa = PBXBuildFile; fileRef = F22121DF1C72B1F40025CCF1 /* GameView.swift */; };
		F22121E61C72B26F0025CCF1 /* GameViewController.swift in Sources */ = {isa = PBXBuildFile; fileRef = F22121E41C72B26F0025CCF1 /* GameViewController.swift */; };
		F233675A1C7500D0009A3971 /* ObjectStyles.swift in Sources */ = {isa = PBXBuildFile; fileRef = F23367591C7500D0009A3971 /* ObjectStyles.swift */; };
		F233675C1C752F2F009A3971 /* DataController.swift in Sources */ = {isa = PBXBuildFile; fileRef = F233675B1C752F2F009A3971 /* DataController.swift */; };
		F233675F1C75397B009A3971 /* MyCoreDataModel.xcdatamodeld in Sources */ = {isa = PBXBuildFile; fileRef = F233675D1C75397B009A3971 /* MyCoreDataModel.xcdatamodeld */; };
		F23367691C753DCE009A3971 /* Game+CoreDataProperties.swift in Sources */ = {isa = PBXBuildFile; fileRef = F23367671C753DCE009A3971 /* Game+CoreDataProperties.swift */; };
		F233676A1C753DCE009A3971 /* Game.swift in Sources */ = {isa = PBXBuildFile; fileRef = F23367681C753DCE009A3971 /* Game.swift */; };
		F23516221C72930E0001B7A6 /* AppDelegate.swift in Sources */ = {isa = PBXBuildFile; fileRef = F23516211C72930E0001B7A6 /* AppDelegate.swift */; };
		F23516241C72930E0001B7A6 /* ViewController.swift in Sources */ = {isa = PBXBuildFile; fileRef = F23516231C72930E0001B7A6 /* ViewController.swift */; };
		F23516271C72930E0001B7A6 /* Main.storyboard in Resources */ = {isa = PBXBuildFile; fileRef = F23516251C72930E0001B7A6 /* Main.storyboard */; };
		F23516291C72930E0001B7A6 /* Assets.xcassets in Resources */ = {isa = PBXBuildFile; fileRef = F23516281C72930E0001B7A6 /* Assets.xcassets */; };
		F235162C1C72930E0001B7A6 /* LaunchScreen.storyboard in Resources */ = {isa = PBXBuildFile; fileRef = F235162A1C72930E0001B7A6 /* LaunchScreen.storyboard */; };
		F2799DB71C7D580E00E9A6E2 /* Shape+CoreDataProperties.swift in Sources */ = {isa = PBXBuildFile; fileRef = F2799DB51C7D580E00E9A6E2 /* Shape+CoreDataProperties.swift */; };
		F2799DB81C7D580E00E9A6E2 /* Shape.swift in Sources */ = {isa = PBXBuildFile; fileRef = F2799DB61C7D580E00E9A6E2 /* Shape.swift */; };
		F2A38E3A1C80CDF30060B4BE /* CoreDataController.swift in Sources */ = {isa = PBXBuildFile; fileRef = F2A38E391C80CDF30060B4BE /* CoreDataController.swift */; };
/* End PBXBuildFile section */

/* Begin PBXFileReference section */
		F22121D41C72B14C0025CCF1 /* ShapeButtons.swift */ = {isa = PBXFileReference; fileEncoding = 4; lastKnownFileType = sourcecode.swift; path = ShapeButtons.swift; sourceTree = "<group>"; };
		F22121DC1C72B1EA0025CCF1 /* Utils.swift */ = {isa = PBXFileReference; fileEncoding = 4; lastKnownFileType = sourcecode.swift; path = Utils.swift; sourceTree = "<group>"; };
		F22121DF1C72B1F40025CCF1 /* GameView.swift */ = {isa = PBXFileReference; fileEncoding = 4; lastKnownFileType = sourcecode.swift; path = GameView.swift; sourceTree = "<group>"; };
		F22121E41C72B26F0025CCF1 /* GameViewController.swift */ = {isa = PBXFileReference; fileEncoding = 4; lastKnownFileType = sourcecode.swift; path = GameViewController.swift; sourceTree = "<group>"; };
		F23367591C7500D0009A3971 /* ObjectStyles.swift */ = {isa = PBXFileReference; fileEncoding = 4; lastKnownFileType = sourcecode.swift; path = ObjectStyles.swift; sourceTree = "<group>"; };
		F233675B1C752F2F009A3971 /* DataController.swift */ = {isa = PBXFileReference; fileEncoding = 4; lastKnownFileType = sourcecode.swift; path = DataController.swift; sourceTree = "<group>"; };
		F233675E1C75397B009A3971 /* MyCoreDataModel.xcdatamodel */ = {isa = PBXFileReference; lastKnownFileType = wrapper.xcdatamodel; path = MyCoreDataModel.xcdatamodel; sourceTree = "<group>"; };
		F23367601C753AFC009A3971 /* GameMaxAreaPicker-Bridging-Header.h */ = {isa = PBXFileReference; lastKnownFileType = sourcecode.c.h; path = "GameMaxAreaPicker-Bridging-Header.h"; sourceTree = "<group>"; };
		F23367671C753DCE009A3971 /* Game+CoreDataProperties.swift */ = {isa = PBXFileReference; fileEncoding = 4; lastKnownFileType = sourcecode.swift; name = "Game+CoreDataProperties.swift"; path = "../Game+CoreDataProperties.swift"; sourceTree = "<group>"; };
		F23367681C753DCE009A3971 /* Game.swift */ = {isa = PBXFileReference; fileEncoding = 4; lastKnownFileType = sourcecode.swift; name = Game.swift; path = ../Game.swift; sourceTree = "<group>"; };
		F235161E1C72930E0001B7A6 /* GameMaxAreaPicker.app */ = {isa = PBXFileReference; explicitFileType = wrapper.application; includeInIndex = 0; path = GameMaxAreaPicker.app; sourceTree = BUILT_PRODUCTS_DIR; };
		F23516211C72930E0001B7A6 /* AppDelegate.swift */ = {isa = PBXFileReference; lastKnownFileType = sourcecode.swift; path = AppDelegate.swift; sourceTree = "<group>"; };
		F23516231C72930E0001B7A6 /* ViewController.swift */ = {isa = PBXFileReference; lastKnownFileType = sourcecode.swift; path = ViewController.swift; sourceTree = "<group>"; };
		F23516261C72930E0001B7A6 /* Base */ = {isa = PBXFileReference; lastKnownFileType = file.storyboard; name = Base; path = Base.lproj/Main.storyboard; sourceTree = "<group>"; };
		F23516281C72930E0001B7A6 /* Assets.xcassets */ = {isa = PBXFileReference; lastKnownFileType = folder.assetcatalog; path = Assets.xcassets; sourceTree = "<group>"; };
		F235162B1C72930E0001B7A6 /* Base */ = {isa = PBXFileReference; lastKnownFileType = file.storyboard; name = Base; path = Base.lproj/LaunchScreen.storyboard; sourceTree = "<group>"; };
		F235162D1C72930E0001B7A6 /* Info.plist */ = {isa = PBXFileReference; lastKnownFileType = text.plist.xml; path = Info.plist; sourceTree = "<group>"; };
		F2799DB51C7D580E00E9A6E2 /* Shape+CoreDataProperties.swift */ = {isa = PBXFileReference; fileEncoding = 4; lastKnownFileType = sourcecode.swift; name = "Shape+CoreDataProperties.swift"; path = "../Shape+CoreDataProperties.swift"; sourceTree = "<group>"; };
		F2799DB61C7D580E00E9A6E2 /* Shape.swift */ = {isa = PBXFileReference; fileEncoding = 4; lastKnownFileType = sourcecode.swift; name = Shape.swift; path = ../Shape.swift; sourceTree = "<group>"; };
		F2A38E391C80CDF30060B4BE /* CoreDataController.swift */ = {isa = PBXFileReference; fileEncoding = 4; lastKnownFileType = sourcecode.swift; path = CoreDataController.swift; sourceTree = "<group>"; };
/* End PBXFileReference section */

/* Begin PBXFrameworksBuildPhase section */
		F235161B1C72930E0001B7A6 /* Frameworks */ = {
			isa = PBXFrameworksBuildPhase;
			buildActionMask = 2147483647;
			files = (
			);
			runOnlyForDeploymentPostprocessing = 0;
		};
/* End PBXFrameworksBuildPhase section */

/* Begin PBXGroup section */
		F22121D81C72B15C0025CCF1 /* Model */ = {
			isa = PBXGroup;
			children = (
				F22121D41C72B14C0025CCF1 /* ShapeButtons.swift */,
				F233675B1C752F2F009A3971 /* DataController.swift */,
				F23367681C753DCE009A3971 /* Game.swift */,
				F23367671C753DCE009A3971 /* Game+CoreDataProperties.swift */,
				F2799DB51C7D580E00E9A6E2 /* Shape+CoreDataProperties.swift */,
				F2799DB61C7D580E00E9A6E2 /* Shape.swift */,
				F233675D1C75397B009A3971 /* MyCoreDataModel.xcdatamodeld */,
			);
			name = Model;
			sourceTree = "<group>";
		};
		F22121D91C72B1BD0025CCF1 /* View */ = {
			isa = PBXGroup;
			children = (
				F22121DF1C72B1F40025CCF1 /* GameView.swift */,
				F23367591C7500D0009A3971 /* ObjectStyles.swift */,
				F23516251C72930E0001B7A6 /* Main.storyboard */,
				F235162A1C72930E0001B7A6 /* LaunchScreen.storyboard */,
			);
			name = View;
			sourceTree = "<group>";
		};
		F22121DA1C72B1C60025CCF1 /* Controller */ = {
			isa = PBXGroup;
			children = (
				F22121E41C72B26F0025CCF1 /* GameViewController.swift */,
				F23516231C72930E0001B7A6 /* ViewController.swift */,
				F23516211C72930E0001B7A6 /* AppDelegate.swift */,
				F2A38E391C80CDF30060B4BE /* CoreDataController.swift */,
			);
			name = Controller;
			sourceTree = "<group>";
		};
		F22121DB1C72B1D50025CCF1 /* Util */ = {
			isa = PBXGroup;
			children = (
				F22121DC1C72B1EA0025CCF1 /* Utils.swift */,
			);
			name = Util;
			sourceTree = "<group>";
		};
		F23516151C72930E0001B7A6 = {
			isa = PBXGroup;
			children = (
				F23516201C72930E0001B7A6 /* GameMaxAreaPicker */,
				F235161F1C72930E0001B7A6 /* Products */,
				F23367601C753AFC009A3971 /* GameMaxAreaPicker-Bridging-Header.h */,
			);
			sourceTree = "<group>";
		};
		F235161F1C72930E0001B7A6 /* Products */ = {
			isa = PBXGroup;
			children = (
				F235161E1C72930E0001B7A6 /* GameMaxAreaPicker.app */,
			);
			name = Products;
			sourceTree = "<group>";
		};
		F23516201C72930E0001B7A6 /* GameMaxAreaPicker */ = {
			isa = PBXGroup;
			children = (
				F22121D81C72B15C0025CCF1 /* Model */,
				F22121D91C72B1BD0025CCF1 /* View */,
				F22121DA1C72B1C60025CCF1 /* Controller */,
				F22121DB1C72B1D50025CCF1 /* Util */,
				F2799DB91C7EC16600E9A6E2 /* resources */,
			);
			path = GameMaxAreaPicker;
			sourceTree = "<group>";
		};
		F2799DB91C7EC16600E9A6E2 /* resources */ = {
			isa = PBXGroup;
			children = (
				F23516281C72930E0001B7A6 /* Assets.xcassets */,
				F235162D1C72930E0001B7A6 /* Info.plist */,
			);
			name = resources;
			sourceTree = "<group>";
		};
/* End PBXGroup section */

/* Begin PBXNativeTarget section */
		F235161D1C72930E0001B7A6 /* GameMaxAreaPicker */ = {
			isa = PBXNativeTarget;
			buildConfigurationList = F23516301C72930E0001B7A6 /* Build configuration list for PBXNativeTarget "GameMaxAreaPicker" */;
			buildPhases = (
				F235161A1C72930E0001B7A6 /* Sources */,
				F235161B1C72930E0001B7A6 /* Frameworks */,
				F235161C1C72930E0001B7A6 /* Resources */,
			);
			buildRules = (
			);
			dependencies = (
			);
			name = GameMaxAreaPicker;
			productName = GameMaxAreaPicker;
			productReference = F235161E1C72930E0001B7A6 /* GameMaxAreaPicker.app */;
			productType = "com.apple.product-type.application";
		};
/* End PBXNativeTarget section */

/* Begin PBXProject section */
		F23516161C72930E0001B7A6 /* Project object */ = {
			isa = PBXProject;
			attributes = {
				LastSwiftUpdateCheck = 0720;
				LastUpgradeCheck = 0720;
				ORGANIZATIONNAME = "Nathan Haley";
				TargetAttributes = {
					F235161D1C72930E0001B7A6 = {
						CreatedOnToolsVersion = 7.2.1;
						DevelopmentTeam = A746PGX835;
					};
				};
			};
			buildConfigurationList = F23516191C72930E0001B7A6 /* Build configuration list for PBXProject "GameMaxAreaPicker" */;
			compatibilityVersion = "Xcode 3.2";
			developmentRegion = English;
			hasScannedForEncodings = 0;
			knownRegions = (
				en,
				Base,
			);
			mainGroup = F23516151C72930E0001B7A6;
			productRefGroup = F235161F1C72930E0001B7A6 /* Products */;
			projectDirPath = "";
			projectRoot = "";
			targets = (
				F235161D1C72930E0001B7A6 /* GameMaxAreaPicker */,
			);
		};
/* End PBXProject section */

/* Begin PBXResourcesBuildPhase section */
		F235161C1C72930E0001B7A6 /* Resources */ = {
			isa = PBXResourcesBuildPhase;
			buildActionMask = 2147483647;
			files = (
				F235162C1C72930E0001B7A6 /* LaunchScreen.storyboard in Resources */,
				F23516291C72930E0001B7A6 /* Assets.xcassets in Resources */,
				F23516271C72930E0001B7A6 /* Main.storyboard in Resources */,
			);
			runOnlyForDeploymentPostprocessing = 0;
		};
/* End PBXResourcesBuildPhase section */

/* Begin PBXSourcesBuildPhase section */
		F235161A1C72930E0001B7A6 /* Sources */ = {
			isa = PBXSourcesBuildPhase;
			buildActionMask = 2147483647;
			files = (
				F23516241C72930E0001B7A6 /* ViewController.swift in Sources */,
				F22121D71C72B14C0025CCF1 /* ShapeButtons.swift in Sources */,
				F233676A1C753DCE009A3971 /* Game.swift in Sources */,
				F233675A1C7500D0009A3971 /* ObjectStyles.swift in Sources */,
				F22121E21C72B1F40025CCF1 /* GameView.swift in Sources */,
				F23367691C753DCE009A3971 /* Game+CoreDataProperties.swift in Sources */,
				F2799DB81C7D580E00E9A6E2 /* Shape.swift in Sources */,
				F22121DD1C72B1EA0025CCF1 /* Utils.swift in Sources */,
				F233675C1C752F2F009A3971 /* DataController.swift in Sources */,
				F23516221C72930E0001B7A6 /* AppDelegate.swift in Sources */,
				F2A38E3A1C80CDF30060B4BE /* CoreDataController.swift in Sources */,
				F2799DB71C7D580E00E9A6E2 /* Shape+CoreDataProperties.swift in Sources */,
				F22121E61C72B26F0025CCF1 /* GameViewController.swift in Sources */,
				F233675F1C75397B009A3971 /* MyCoreDataModel.xcdatamodeld in Sources */,
			);
			runOnlyForDeploymentPostprocessing = 0;
		};
/* End PBXSourcesBuildPhase section */

/* Begin PBXVariantGroup section */
		F23516251C72930E0001B7A6 /* Main.storyboard */ = {
			isa = PBXVariantGroup;
			children = (
				F23516261C72930E0001B7A6 /* Base */,
			);
			name = Main.storyboard;
			sourceTree = "<group>";
		};
		F235162A1C72930E0001B7A6 /* LaunchScreen.storyboard */ = {
			isa = PBXVariantGroup;
			children = (
				F235162B1C72930E0001B7A6 /* Base */,
			);
			name = LaunchScreen.storyboard;
			sourceTree = "<group>";
		};
/* End PBXVariantGroup section */

/* Begin XCBuildConfiguration section */
		F235162E1C72930E0001B7A6 /* Debug */ = {
			isa = XCBuildConfiguration;
			buildSettings = {
				ALWAYS_SEARCH_USER_PATHS = NO;
				CLANG_CXX_LANGUAGE_STANDARD = "gnu++0x";
				CLANG_CXX_LIBRARY = "libc++";
				CLANG_ENABLE_MODULES = YES;
				CLANG_ENABLE_OBJC_ARC = YES;
				CLANG_WARN_BOOL_CONVERSION = YES;
				CLANG_WARN_CONSTANT_CONVERSION = YES;
				CLANG_WARN_DIRECT_OBJC_ISA_USAGE = YES_ERROR;
				CLANG_WARN_EMPTY_BODY = YES;
				CLANG_WARN_ENUM_CONVERSION = YES;
				CLANG_WARN_INT_CONVERSION = YES;
				CLANG_WARN_OBJC_ROOT_CLASS = YES_ERROR;
				CLANG_WARN_UNREACHABLE_CODE = YES;
				CLANG_WARN__DUPLICATE_METHOD_MATCH = YES;
				"CODE_SIGN_IDENTITY[sdk=iphoneos*]" = "iPhone Developer";
				COPY_PHASE_STRIP = NO;
				DEBUG_INFORMATION_FORMAT = dwarf;
				ENABLE_STRICT_OBJC_MSGSEND = YES;
				ENABLE_TESTABILITY = YES;
				GCC_C_LANGUAGE_STANDARD = gnu99;
				GCC_DYNAMIC_NO_PIC = NO;
				GCC_NO_COMMON_BLOCKS = YES;
				GCC_OPTIMIZATION_LEVEL = 0;
				GCC_PREPROCESSOR_DEFINITIONS = (
					"DEBUG=1",
					"$(inherited)",
				);
				GCC_WARN_64_TO_32_BIT_CONVERSION = YES;
				GCC_WARN_ABOUT_RETURN_TYPE = YES_ERROR;
				GCC_WARN_UNDECLARED_SELECTOR = YES;
				GCC_WARN_UNINITIALIZED_AUTOS = YES_AGGRESSIVE;
				GCC_WARN_UNUSED_FUNCTION = YES;
				GCC_WARN_UNUSED_VARIABLE = YES;
				IPHONEOS_DEPLOYMENT_TARGET = 9.2;
				MTL_ENABLE_DEBUG_INFO = YES;
				ONLY_ACTIVE_ARCH = YES;
				SDKROOT = iphoneos;
				SWIFT_OPTIMIZATION_LEVEL = "-Onone";
				TARGETED_DEVICE_FAMILY = "1,2";
			};
			name = Debug;
		};
		F235162F1C72930E0001B7A6 /* Release */ = {
			isa = XCBuildConfiguration;
			buildSettings = {
				ALWAYS_SEARCH_USER_PATHS = NO;
				CLANG_CXX_LANGUAGE_STANDARD = "gnu++0x";
				CLANG_CXX_LIBRARY = "libc++";
				CLANG_ENABLE_MODULES = YES;
				CLANG_ENABLE_OBJC_ARC = YES;
				CLANG_WARN_BOOL_CONVERSION = YES;
				CLANG_WARN_CONSTANT_CONVERSION = YES;
				CLANG_WARN_DIRECT_OBJC_ISA_USAGE = YES_ERROR;
				CLANG_WARN_EMPTY_BODY = YES;
				CLANG_WARN_ENUM_CONVERSION = YES;
				CLANG_WARN_INT_CONVERSION = YES;
				CLANG_WARN_OBJC_ROOT_CLASS = YES_ERROR;
				CLANG_WARN_UNREACHABLE_CODE = YES;
				CLANG_WARN__DUPLICATE_METHOD_MATCH = YES;
				"CODE_SIGN_IDENTITY[sdk=iphoneos*]" = "iPhone Developer";
				COPY_PHASE_STRIP = NO;
				DEBUG_INFORMATION_FORMAT = "dwarf-with-dsym";
				ENABLE_NS_ASSERTIONS = NO;
				ENABLE_STRICT_OBJC_MSGSEND = YES;
				GCC_C_LANGUAGE_STANDARD = gnu99;
				GCC_NO_COMMON_BLOCKS = YES;
				GCC_WARN_64_TO_32_BIT_CONVERSION = YES;
				GCC_WARN_ABOUT_RETURN_TYPE = YES_ERROR;
				GCC_WARN_UNDECLARED_SELECTOR = YES;
				GCC_WARN_UNINITIALIZED_AUTOS = YES_AGGRESSIVE;
				GCC_WARN_UNUSED_FUNCTION = YES;
				GCC_WARN_UNUSED_VARIABLE = YES;
				IPHONEOS_DEPLOYMENT_TARGET = 9.2;
				MTL_ENABLE_DEBUG_INFO = NO;
				SDKROOT = iphoneos;
				TARGETED_DEVICE_FAMILY = "1,2";
				VALIDATE_PRODUCT = YES;
			};
			name = Release;
		};
		F23516311C72930E0001B7A6 /* Debug */ = {
			isa = XCBuildConfiguration;
			buildSettings = {
				ASSETCATALOG_COMPILER_APPICON_NAME = AppIcon;
				CLANG_ENABLE_MODULES = YES;
				CODE_SIGN_IDENTITY = "iPhone Developer";
				INFOPLIST_FILE = GameMaxAreaPicker/Info.plist;
				LD_RUNPATH_SEARCH_PATHS = "$(inherited) @executable_path/Frameworks";
				PRODUCT_BUNDLE_IDENTIFIER = com.nathanhaley.GameMaxAreaPicker;
				PRODUCT_NAME = "$(TARGET_NAME)";
				SWIFT_OBJC_BRIDGING_HEADER = "GameMaxAreaPicker-Bridging-Header.h";
				SWIFT_OPTIMIZATION_LEVEL = "-Onone";
				TARGETED_DEVICE_FAMILY = "1,2";
			};
			name = Debug;
		};
		F23516321C72930E0001B7A6 /* Release */ = {
			isa = XCBuildConfiguration;
			buildSettings = {
				ASSETCATALOG_COMPILER_APPICON_NAME = AppIcon;
				CLANG_ENABLE_MODULES = YES;
				CODE_SIGN_IDENTITY = "iPhone Developer";
				INFOPLIST_FILE = GameMaxAreaPicker/Info.plist;
				LD_RUNPATH_SEARCH_PATHS = "$(inherited) @executable_path/Frameworks";
				PRODUCT_BUNDLE_IDENTIFIER = com.nathanhaley.GameMaxAreaPicker;
				PRODUCT_NAME = "$(TARGET_NAME)";
				SWIFT_OBJC_BRIDGING_HEADER = "GameMaxAreaPicker-Bridging-Header.h";
				TARGETED_DEVICE_FAMILY = "1,2";
			};
			name = Release;
		};
/* End XCBuildConfiguration section */

/* Begin XCConfigurationList section */
		F23516191C72930E0001B7A6 /* Build configuration list for PBXProject "GameMaxAreaPicker" */ = {
			isa = XCConfigurationList;
			buildConfigurations = (
				F235162E1C72930E0001B7A6 /* Debug */,
				F235162F1C72930E0001B7A6 /* Release */,
			);
			defaultConfigurationIsVisible = 0;
			defaultConfigurationName = Release;
		};
		F23516301C72930E0001B7A6 /* Build configuration list for PBXNativeTarget "GameMaxAreaPicker" */ = {
			isa = XCConfigurationList;
			buildConfigurations = (
				F23516311C72930E0001B7A6 /* Debug */,
				F23516321C72930E0001B7A6 /* Release */,
			);
			defaultConfigurationIsVisible = 0;
			defaultConfigurationName = Release;
		};
/* End XCConfigurationList section */

/* Begin XCVersionGroup section */
		F233675D1C75397B009A3971 /* MyCoreDataModel.xcdatamodeld */ = {
			isa = XCVersionGroup;
			children = (
				F233675E1C75397B009A3971 /* MyCoreDataModel.xcdatamodel */,
			);
			currentVersion = F233675E1C75397B009A3971 /* MyCoreDataModel.xcdatamodel */;
			name = MyCoreDataModel.xcdatamodeld;
			path = ../MyCoreDataModel.xcdatamodeld;
			sourceTree = "<group>";
			versionGroupType = wrapper.xcdatamodel;
		};
/* End XCVersionGroup section */
	};
	rootObject = F23516161C72930E0001B7A6 /* Project object */;
}
